// !$*UTF8*$!
{
	archiveVersion = 1;
	classes = {
	};
	objectVersion = 56;
	objects = {

/* Begin PBXBuildFile section */
		43DF02152C6EE04C00F0F445 /* AppDelegate.swift in Sources */ = {isa = PBXBuildFile; fileRef = 43DF02142C6EE04C00F0F445 /* AppDelegate.swift */; };
		43DF02172C6EE04C00F0F445 /* SceneDelegate.swift in Sources */ = {isa = PBXBuildFile; fileRef = 43DF02162C6EE04C00F0F445 /* SceneDelegate.swift */; };
		43DF02192C6EE04C00F0F445 /* ViewController.swift in Sources */ = {isa = PBXBuildFile; fileRef = 43DF02182C6EE04C00F0F445 /* ViewController.swift */; };
		43DF021C2C6EE04C00F0F445 /* Main.storyboard in Resources */ = {isa = PBXBuildFile; fileRef = 43DF021A2C6EE04C00F0F445 /* Main.storyboard */; };
		43DF021E2C6EE04F00F0F445 /* Assets.xcassets in Resources */ = {isa = PBXBuildFile; fileRef = 43DF021D2C6EE04F00F0F445 /* Assets.xcassets */; };
		43DF02212C6EE04F00F0F445 /* LaunchScreen.storyboard in Resources */ = {isa = PBXBuildFile; fileRef = 43DF021F2C6EE04F00F0F445 /* LaunchScreen.storyboard */; };
		43DF022C2C6EE04F00F0F445 /* bookstoreTests.swift in Sources */ = {isa = PBXBuildFile; fileRef = 43DF022B2C6EE04F00F0F445 /* bookstoreTests.swift */; };
		43DF02362C6EE04F00F0F445 /* bookstoreUITests.swift in Sources */ = {isa = PBXBuildFile; fileRef = 43DF02352C6EE04F00F0F445 /* bookstoreUITests.swift */; };
		43DF02382C6EE04F00F0F445 /* bookstoreUITestsLaunchTests.swift in Sources */ = {isa = PBXBuildFile; fileRef = 43DF02372C6EE04F00F0F445 /* bookstoreUITestsLaunchTests.swift */; };
/* End PBXBuildFile section */

/* Begin PBXContainerItemProxy section */
		43DF02282C6EE04F00F0F445 /* PBXContainerItemProxy */ = {
			isa = PBXContainerItemProxy;
			containerPortal = 43DF02092C6EE04C00F0F445 /* Project object */;
			proxyType = 1;
			remoteGlobalIDString = 43DF02102C6EE04C00F0F445;
			remoteInfo = bookstore;
		};
		43DF02322C6EE04F00F0F445 /* PBXContainerItemProxy */ = {
			isa = PBXContainerItemProxy;
			containerPortal = 43DF02092C6EE04C00F0F445 /* Project object */;
			proxyType = 1;
			remoteGlobalIDString = 43DF02102C6EE04C00F0F445;
			remoteInfo = bookstore;
		};
/* End PBXContainerItemProxy section */

/* Begin PBXFileReference section */
		43DF02112C6EE04C00F0F445 /* bookstore.app */ = {isa = PBXFileReference; explicitFileType = wrapper.application; includeInIndex = 0; path = bookstore.app; sourceTree = BUILT_PRODUCTS_DIR; };
		43DF02142C6EE04C00F0F445 /* AppDelegate.swift */ = {isa = PBXFileReference; lastKnownFileType = sourcecode.swift; path = AppDelegate.swift; sourceTree = "<group>"; };
		43DF02162C6EE04C00F0F445 /* SceneDelegate.swift */ = {isa = PBXFileReference; lastKnownFileType = sourcecode.swift; path = SceneDelegate.swift; sourceTree = "<group>"; };
		43DF02182C6EE04C00F0F445 /* ViewController.swift */ = {isa = PBXFileReference; lastKnownFileType = sourcecode.swift; path = ViewController.swift; sourceTree = "<group>"; };
		43DF021B2C6EE04C00F0F445 /* Base */ = {isa = PBXFileReference; lastKnownFileType = file.storyboard; name = Base; path = Base.lproj/Main.storyboard; sourceTree = "<group>"; };
		43DF021D2C6EE04F00F0F445 /* Assets.xcassets */ = {isa = PBXFileReference; lastKnownFileType = folder.assetcatalog; path = Assets.xcassets; sourceTree = "<group>"; };
		43DF02202C6EE04F00F0F445 /* Base */ = {isa = PBXFileReference; lastKnownFileType = file.storyboard; name = Base; path = Base.lproj/LaunchScreen.storyboard; sourceTree = "<group>"; };
		43DF02222C6EE04F00F0F445 /* Info.plist */ = {isa = PBXFileReference; lastKnownFileType = text.plist.xml; path = Info.plist; sourceTree = "<group>"; };
		43DF02272C6EE04F00F0F445 /* bookstoreTests.xctest */ = {isa = PBXFileReference; explicitFileType = wrapper.cfbundle; includeInIndex = 0; path = bookstoreTests.xctest; sourceTree = BUILT_PRODUCTS_DIR; };
		43DF022B2C6EE04F00F0F445 /* bookstoreTests.swift */ = {isa = PBXFileReference; lastKnownFileType = sourcecode.swift; path = bookstoreTests.swift; sourceTree = "<group>"; };
		43DF02312C6EE04F00F0F445 /* bookstoreUITests.xctest */ = {isa = PBXFileReference; explicitFileType = wrapper.cfbundle; includeInIndex = 0; path = bookstoreUITests.xctest; sourceTree = BUILT_PRODUCTS_DIR; };
		43DF02352C6EE04F00F0F445 /* bookstoreUITests.swift */ = {isa = PBXFileReference; lastKnownFileType = sourcecode.swift; path = bookstoreUITests.swift; sourceTree = "<group>"; };
		43DF02372C6EE04F00F0F445 /* bookstoreUITestsLaunchTests.swift */ = {isa = PBXFileReference; lastKnownFileType = sourcecode.swift; path = bookstoreUITestsLaunchTests.swift; sourceTree = "<group>"; };
/* End PBXFileReference section */

/* Begin PBXFrameworksBuildPhase section */
		43DF020E2C6EE04C00F0F445 /* Frameworks */ = {
			isa = PBXFrameworksBuildPhase;
			buildActionMask = 2147483647;
			files = (
			);
			runOnlyForDeploymentPostprocessing = 0;
		};
		43DF02242C6EE04F00F0F445 /* Frameworks */ = {
			isa = PBXFrameworksBuildPhase;
			buildActionMask = 2147483647;
			files = (
			);
			runOnlyForDeploymentPostprocessing = 0;
		};
		43DF022E2C6EE04F00F0F445 /* Frameworks */ = {
			isa = PBXFrameworksBuildPhase;
			buildActionMask = 2147483647;
			files = (
			);
			runOnlyForDeploymentPostprocessing = 0;
		};
/* End PBXFrameworksBuildPhase section */

/* Begin PBXGroup section */
		43DF02082C6EE04C00F0F445 = {
			isa = PBXGroup;
			children = (
				43DF02132C6EE04C00F0F445 /* bookstore */,
				43DF022A2C6EE04F00F0F445 /* bookstoreTests */,
				43DF02342C6EE04F00F0F445 /* bookstoreUITests */,
				43DF02122C6EE04C00F0F445 /* Products */,
			);
			sourceTree = "<group>";
		};
		43DF02122C6EE04C00F0F445 /* Products */ = {
			isa = PBXGroup;
			children = (
				43DF02112C6EE04C00F0F445 /* bookstore.app */,
				43DF02272C6EE04F00F0F445 /* bookstoreTests.xctest */,
				43DF02312C6EE04F00F0F445 /* bookstoreUITests.xctest */,
			);
			name = Products;
			sourceTree = "<group>";
		};
		43DF02132C6EE04C00F0F445 /* bookstore */ = {
			isa = PBXGroup;
			children = (
				43DF02142C6EE04C00F0F445 /* AppDelegate.swift */,
				43DF02162C6EE04C00F0F445 /* SceneDelegate.swift */,
				43DF02182C6EE04C00F0F445 /* ViewController.swift */,
				43DF021A2C6EE04C00F0F445 /* Main.storyboard */,
				43DF021D2C6EE04F00F0F445 /* Assets.xcassets */,
				43DF021F2C6EE04F00F0F445 /* LaunchScreen.storyboard */,
				43DF02222C6EE04F00F0F445 /* Info.plist */,
			);
			path = bookstore;
			sourceTree = "<group>";
		};
		43DF022A2C6EE04F00F0F445 /* bookstoreTests */ = {
			isa = PBXGroup;
			children = (
				43DF022B2C6EE04F00F0F445 /* bookstoreTests.swift */,
			);
			path = bookstoreTests;
			sourceTree = "<group>";
		};
		43DF02342C6EE04F00F0F445 /* bookstoreUITests */ = {
			isa = PBXGroup;
			children = (
				43DF02352C6EE04F00F0F445 /* bookstoreUITests.swift */,
				43DF02372C6EE04F00F0F445 /* bookstoreUITestsLaunchTests.swift */,
			);
			path = bookstoreUITests;
			sourceTree = "<group>";
		};
/* End PBXGroup section */

/* Begin PBXNativeTarget section */
		43DF02102C6EE04C00F0F445 /* bookstore */ = {
			isa = PBXNativeTarget;
			buildConfigurationList = 43DF023B2C6EE04F00F0F445 /* Build configuration list for PBXNativeTarget "bookstore" */;
			buildPhases = (
				43DF020D2C6EE04C00F0F445 /* Sources */,
				43DF020E2C6EE04C00F0F445 /* Frameworks */,
				43DF020F2C6EE04C00F0F445 /* Resources */,
			);
			buildRules = (
			);
			dependencies = (
			);
			name = bookstore;
			productName = bookstore;
			productReference = 43DF02112C6EE04C00F0F445 /* bookstore.app */;
			productType = "com.apple.product-type.application";
		};
		43DF02262C6EE04F00F0F445 /* bookstoreTests */ = {
			isa = PBXNativeTarget;
			buildConfigurationList = 43DF023E2C6EE04F00F0F445 /* Build configuration list for PBXNativeTarget "bookstoreTests" */;
			buildPhases = (
				43DF02232C6EE04F00F0F445 /* Sources */,
				43DF02242C6EE04F00F0F445 /* Frameworks */,
				43DF02252C6EE04F00F0F445 /* Resources */,
			);
			buildRules = (
			);
			dependencies = (
				43DF02292C6EE04F00F0F445 /* PBXTargetDependency */,
			);
			name = bookstoreTests;
			productName = bookstoreTests;
			productReference = 43DF02272C6EE04F00F0F445 /* bookstoreTests.xctest */;
			productType = "com.apple.product-type.bundle.unit-test";
		};
		43DF02302C6EE04F00F0F445 /* bookstoreUITests */ = {
			isa = PBXNativeTarget;
			buildConfigurationList = 43DF02412C6EE04F00F0F445 /* Build configuration list for PBXNativeTarget "bookstoreUITests" */;
			buildPhases = (
				43DF022D2C6EE04F00F0F445 /* Sources */,
				43DF022E2C6EE04F00F0F445 /* Frameworks */,
				43DF022F2C6EE04F00F0F445 /* Resources */,
			);
			buildRules = (
			);
			dependencies = (
				43DF02332C6EE04F00F0F445 /* PBXTargetDependency */,
			);
			name = bookstoreUITests;
			productName = bookstoreUITests;
			productReference = 43DF02312C6EE04F00F0F445 /* bookstoreUITests.xctest */;
			productType = "com.apple.product-type.bundle.ui-testing";
		};
/* End PBXNativeTarget section */

/* Begin PBXProject section */
		43DF02092C6EE04C00F0F445 /* Project object */ = {
			isa = PBXProject;
			attributes = {
				BuildIndependentTargetsInParallel = 1;
				LastSwiftUpdateCheck = 1520;
				LastUpgradeCheck = 1520;
				TargetAttributes = {
					43DF02102C6EE04C00F0F445 = {
						CreatedOnToolsVersion = 15.2;
					};
					43DF02262C6EE04F00F0F445 = {
						CreatedOnToolsVersion = 15.2;
						TestTargetID = 43DF02102C6EE04C00F0F445;
					};
					43DF02302C6EE04F00F0F445 = {
						CreatedOnToolsVersion = 15.2;
						TestTargetID = 43DF02102C6EE04C00F0F445;
					};
				};
			};
			buildConfigurationList = 43DF020C2C6EE04C00F0F445 /* Build configuration list for PBXProject "bookstore" */;
			compatibilityVersion = "Xcode 14.0";
			developmentRegion = en;
			hasScannedForEncodings = 0;
			knownRegions = (
				en,
				Base,
			);
			mainGroup = 43DF02082C6EE04C00F0F445;
			productRefGroup = 43DF02122C6EE04C00F0F445 /* Products */;
			projectDirPath = "";
			projectRoot = "";
			targets = (
				43DF02102C6EE04C00F0F445 /* bookstore */,
				43DF02262C6EE04F00F0F445 /* bookstoreTests */,
				43DF02302C6EE04F00F0F445 /* bookstoreUITests */,
			);
		};
/* End PBXProject section */

/* Begin PBXResourcesBuildPhase section */
		43DF020F2C6EE04C00F0F445 /* Resources */ = {
			isa = PBXResourcesBuildPhase;
			buildActionMask = 2147483647;
			files = (
				43DF02212C6EE04F00F0F445 /* LaunchScreen.storyboard in Resources */,
				43DF021E2C6EE04F00F0F445 /* Assets.xcassets in Resources */,
				43DF021C2C6EE04C00F0F445 /* Main.storyboard in Resources */,
			);
			runOnlyForDeploymentPostprocessing = 0;
		};
		43DF02252C6EE04F00F0F445 /* Resources */ = {
			isa = PBXResourcesBuildPhase;
			buildActionMask = 2147483647;
			files = (
			);
			runOnlyForDeploymentPostprocessing = 0;
		};
		43DF022F2C6EE04F00F0F445 /* Resources */ = {
			isa = PBXResourcesBuildPhase;
			buildActionMask = 2147483647;
			files = (
			);
			runOnlyForDeploymentPostprocessing = 0;
		};
/* End PBXResourcesBuildPhase section */

/* Begin PBXSourcesBuildPhase section */
		43DF020D2C6EE04C00F0F445 /* Sources */ = {
			isa = PBXSourcesBuildPhase;
			buildActionMask = 2147483647;
			files = (
				43DF02192C6EE04C00F0F445 /* ViewController.swift in Sources */,
				43DF02152C6EE04C00F0F445 /* AppDelegate.swift in Sources */,
				43DF02172C6EE04C00F0F445 /* SceneDelegate.swift in Sources */,
			);
			runOnlyForDeploymentPostprocessing = 0;
		};
		43DF02232C6EE04F00F0F445 /* Sources */ = {
			isa = PBXSourcesBuildPhase;
			buildActionMask = 2147483647;
			files = (
				43DF022C2C6EE04F00F0F445 /* bookstoreTests.swift in Sources */,
			);
			runOnlyForDeploymentPostprocessing = 0;
		};
		43DF022D2C6EE04F00F0F445 /* Sources */ = {
			isa = PBXSourcesBuildPhase;
			buildActionMask = 2147483647;
			files = (
				43DF02362C6EE04F00F0F445 /* bookstoreUITests.swift in Sources */,
				43DF02382C6EE04F00F0F445 /* bookstoreUITestsLaunchTests.swift in Sources */,
			);
			runOnlyForDeploymentPostprocessing = 0;
		};
/* End PBXSourcesBuildPhase section */

/* Begin PBXTargetDependency section */
		43DF02292C6EE04F00F0F445 /* PBXTargetDependency */ = {
			isa = PBXTargetDependency;
			target = 43DF02102C6EE04C00F0F445 /* bookstore */;
			targetProxy = 43DF02282C6EE04F00F0F445 /* PBXContainerItemProxy */;
		};
		43DF02332C6EE04F00F0F445 /* PBXTargetDependency */ = {
			isa = PBXTargetDependency;
			target = 43DF02102C6EE04C00F0F445 /* bookstore */;
			targetProxy = 43DF02322C6EE04F00F0F445 /* PBXContainerItemProxy */;
		};
/* End PBXTargetDependency section */

/* Begin PBXVariantGroup section */
		43DF021A2C6EE04C00F0F445 /* Main.storyboard */ = {
			isa = PBXVariantGroup;
			children = (
				43DF021B2C6EE04C00F0F445 /* Base */,
			);
			name = Main.storyboard;
			sourceTree = "<group>";
		};
		43DF021F2C6EE04F00F0F445 /* LaunchScreen.storyboard */ = {
			isa = PBXVariantGroup;
			children = (
				43DF02202C6EE04F00F0F445 /* Base */,
			);
			name = LaunchScreen.storyboard;
			sourceTree = "<group>";
		};
/* End PBXVariantGroup section */

/* Begin XCBuildConfiguration section */
		43DF02392C6EE04F00F0F445 /* Debug */ = {
			isa = XCBuildConfiguration;
			buildSettings = {
				ALWAYS_SEARCH_USER_PATHS = NO;
				ASSETCATALOG_COMPILER_GENERATE_SWIFT_ASSET_SYMBOL_EXTENSIONS = YES;
				CLANG_ANALYZER_NONNULL = YES;
				CLANG_ANALYZER_NUMBER_OBJECT_CONVERSION = YES_AGGRESSIVE;
				CLANG_CXX_LANGUAGE_STANDARD = "gnu++20";
				CLANG_ENABLE_MODULES = YES;
				CLANG_ENABLE_OBJC_ARC = YES;
				CLANG_ENABLE_OBJC_WEAK = YES;
				CLANG_WARN_BLOCK_CAPTURE_AUTORELEASING = YES;
				CLANG_WARN_BOOL_CONVERSION = YES;
				CLANG_WARN_COMMA = YES;
				CLANG_WARN_CONSTANT_CONVERSION = YES;
				CLANG_WARN_DEPRECATED_OBJC_IMPLEMENTATIONS = YES;
				CLANG_WARN_DIRECT_OBJC_ISA_USAGE = YES_ERROR;
				CLANG_WARN_DOCUMENTATION_COMMENTS = YES;
				CLANG_WARN_EMPTY_BODY = YES;
				CLANG_WARN_ENUM_CONVERSION = YES;
				CLANG_WARN_INFINITE_RECURSION = YES;
				CLANG_WARN_INT_CONVERSION = YES;
				CLANG_WARN_NON_LITERAL_NULL_CONVERSION = YES;
				CLANG_WARN_OBJC_IMPLICIT_RETAIN_SELF = YES;
				CLANG_WARN_OBJC_LITERAL_CONVERSION = YES;
				CLANG_WARN_OBJC_ROOT_CLASS = YES_ERROR;
				CLANG_WARN_QUOTED_INCLUDE_IN_FRAMEWORK_HEADER = YES;
				CLANG_WARN_RANGE_LOOP_ANALYSIS = YES;
				CLANG_WARN_STRICT_PROTOTYPES = YES;
				CLANG_WARN_SUSPICIOUS_MOVE = YES;
				CLANG_WARN_UNGUARDED_AVAILABILITY = YES_AGGRESSIVE;
				CLANG_WARN_UNREACHABLE_CODE = YES;
				CLANG_WARN__DUPLICATE_METHOD_MATCH = YES;
				COPY_PHASE_STRIP = NO;
				DEBUG_INFORMATION_FORMAT = dwarf;
				ENABLE_STRICT_OBJC_MSGSEND = YES;
				ENABLE_TESTABILITY = YES;
				ENABLE_USER_SCRIPT_SANDBOXING = YES;
				GCC_C_LANGUAGE_STANDARD = gnu17;
				GCC_DYNAMIC_NO_PIC = NO;
				GCC_NO_COMMON_BLOCKS = YES;
				GCC_OPTIMIZATION_LEVEL = 0;
				GCC_PREPROCESSOR_DEFINITIONS = (
					"DEBUG=1",
					"$(inherited)",
				);
				GCC_WARN_64_TO_32_BIT_CONVERSION = YES;
				GCC_WARN_ABOUT_RETURN_TYPE = YES_ERROR;
				GCC_WARN_UNDECLARED_SELECTOR = YES;
				GCC_WARN_UNINITIALIZED_AUTOS = YES_AGGRESSIVE;
				GCC_WARN_UNUSED_FUNCTION = YES;
				GCC_WARN_UNUSED_VARIABLE = YES;
				IPHONEOS_DEPLOYMENT_TARGET = 17.2;
				LOCALIZATION_PREFERS_STRING_CATALOGS = YES;
				MTL_ENABLE_DEBUG_INFO = INCLUDE_SOURCE;
				MTL_FAST_MATH = YES;
				ONLY_ACTIVE_ARCH = YES;
				SDKROOT = iphoneos;
				SWIFT_ACTIVE_COMPILATION_CONDITIONS = "DEBUG $(inherited)";
				SWIFT_OPTIMIZATION_LEVEL = "-Onone";
			};
			name = Debug;
		};
		43DF023A2C6EE04F00F0F445 /* Release */ = {
			isa = XCBuildConfiguration;
			buildSettings = {
				ALWAYS_SEARCH_USER_PATHS = NO;
				ASSETCATALOG_COMPILER_GENERATE_SWIFT_ASSET_SYMBOL_EXTENSIONS = YES;
				CLANG_ANALYZER_NONNULL = YES;
				CLANG_ANALYZER_NUMBER_OBJECT_CONVERSION = YES_AGGRESSIVE;
				CLANG_CXX_LANGUAGE_STANDARD = "gnu++20";
				CLANG_ENABLE_MODULES = YES;
				CLANG_ENABLE_OBJC_ARC = YES;
				CLANG_ENABLE_OBJC_WEAK = YES;
				CLANG_WARN_BLOCK_CAPTURE_AUTORELEASING = YES;
				CLANG_WARN_BOOL_CONVERSION = YES;
				CLANG_WARN_COMMA = YES;
				CLANG_WARN_CONSTANT_CONVERSION = YES;
				CLANG_WARN_DEPRECATED_OBJC_IMPLEMENTATIONS = YES;
				CLANG_WARN_DIRECT_OBJC_ISA_USAGE = YES_ERROR;
				CLANG_WARN_DOCUMENTATION_COMMENTS = YES;
				CLANG_WARN_EMPTY_BODY = YES;
				CLANG_WARN_ENUM_CONVERSION = YES;
				CLANG_WARN_INFINITE_RECURSION = YES;
				CLANG_WARN_INT_CONVERSION = YES;
				CLANG_WARN_NON_LITERAL_NULL_CONVERSION = YES;
				CLANG_WARN_OBJC_IMPLICIT_RETAIN_SELF = YES;
				CLANG_WARN_OBJC_LITERAL_CONVERSION = YES;
				CLANG_WARN_OBJC_ROOT_CLASS = YES_ERROR;
				CLANG_WARN_QUOTED_INCLUDE_IN_FRAMEWORK_HEADER = YES;
				CLANG_WARN_RANGE_LOOP_ANALYSIS = YES;
				CLANG_WARN_STRICT_PROTOTYPES = YES;
				CLANG_WARN_SUSPICIOUS_MOVE = YES;
				CLANG_WARN_UNGUARDED_AVAILABILITY = YES_AGGRESSIVE;
				CLANG_WARN_UNREACHABLE_CODE = YES;
				CLANG_WARN__DUPLICATE_METHOD_MATCH = YES;
				COPY_PHASE_STRIP = NO;
				DEBUG_INFORMATION_FORMAT = "dwarf-with-dsym";
				ENABLE_NS_ASSERTIONS = NO;
				ENABLE_STRICT_OBJC_MSGSEND = YES;
				ENABLE_USER_SCRIPT_SANDBOXING = YES;
				GCC_C_LANGUAGE_STANDARD = gnu17;
				GCC_NO_COMMON_BLOCKS = YES;
				GCC_WARN_64_TO_32_BIT_CONVERSION = YES;
				GCC_WARN_ABOUT_RETURN_TYPE = YES_ERROR;
				GCC_WARN_UNDECLARED_SELECTOR = YES;
				GCC_WARN_UNINITIALIZED_AUTOS = YES_AGGRESSIVE;
				GCC_WARN_UNUSED_FUNCTION = YES;
				GCC_WARN_UNUSED_VARIABLE = YES;
				IPHONEOS_DEPLOYMENT_TARGET = 17.2;
				LOCALIZATION_PREFERS_STRING_CATALOGS = YES;
				MTL_ENABLE_DEBUG_INFO = NO;
				MTL_FAST_MATH = YES;
				SDKROOT = iphoneos;
				SWIFT_COMPILATION_MODE = wholemodule;
				VALIDATE_PRODUCT = YES;
			};
			name = Release;
		};
		43DF023C2C6EE04F00F0F445 /* Debug */ = {
			isa = XCBuildConfiguration;
			buildSettings = {
				ASSETCATALOG_COMPILER_APPICON_NAME = AppIcon;
				ASSETCATALOG_COMPILER_GLOBAL_ACCENT_COLOR_NAME = AccentColor;
				CODE_SIGN_STYLE = Automatic;
				CURRENT_PROJECT_VERSION = 1;
				GENERATE_INFOPLIST_FILE = YES;
				INFOPLIST_FILE = bookstore/Info.plist;
				INFOPLIST_KEY_UIApplicationSupportsIndirectInputEvents = YES;
				INFOPLIST_KEY_UILaunchStoryboardName = LaunchScreen;
				INFOPLIST_KEY_UIMainStoryboardFile = Main;
				INFOPLIST_KEY_UISupportedInterfaceOrientations_iPad = "UIInterfaceOrientationPortrait UIInterfaceOrientationPortraitUpsideDown UIInterfaceOrientationLandscapeLeft UIInterfaceOrientationLandscapeRight";
				INFOPLIST_KEY_UISupportedInterfaceOrientations_iPhone = "UIInterfaceOrientationPortrait UIInterfaceOrientationLandscapeLeft UIInterfaceOrientationLandscapeRight";
				LD_RUNPATH_SEARCH_PATHS = (
					"$(inherited)",
					"@executable_path/Frameworks",
				);
				MARKETING_VERSION = 1.0;
				PRODUCT_BUNDLE_IDENTIFIER = softspace.bookstore;
				PRODUCT_NAME = "$(TARGET_NAME)";
				SWIFT_EMIT_LOC_STRINGS = YES;
				SWIFT_VERSION = 5.0;
				TARGETED_DEVICE_FAMILY = "1,2";
			};
			name = Debug;
		};
		43DF023D2C6EE04F00F0F445 /* Release */ = {
			isa = XCBuildConfiguration;
			buildSettings = {
				ASSETCATALOG_COMPILER_APPICON_NAME = AppIcon;
				ASSETCATALOG_COMPILER_GLOBAL_ACCENT_COLOR_NAME = AccentColor;
				CODE_SIGN_STYLE = Automatic;
				CURRENT_PROJECT_VERSION = 1;
				GENERATE_INFOPLIST_FILE = YES;
				INFOPLIST_FILE = bookstore/Info.plist;
				INFOPLIST_KEY_UIApplicationSupportsIndirectInputEvents = YES;
				INFOPLIST_KEY_UILaunchStoryboardName = LaunchScreen;
				INFOPLIST_KEY_UIMainStoryboardFile = Main;
				INFOPLIST_KEY_UISupportedInterfaceOrientations_iPad = "UIInterfaceOrientationPortrait UIInterfaceOrientationPortraitUpsideDown UIInterfaceOrientationLandscapeLeft UIInterfaceOrientationLandscapeRight";
				INFOPLIST_KEY_UISupportedInterfaceOrientations_iPhone = "UIInterfaceOrientationPortrait UIInterfaceOrientationLandscapeLeft UIInterfaceOrientationLandscapeRight";
				LD_RUNPATH_SEARCH_PATHS = (
					"$(inherited)",
					"@executable_path/Frameworks",
				);
				MARKETING_VERSION = 1.0;
				PRODUCT_BUNDLE_IDENTIFIER = softspace.bookstore;
				PRODUCT_NAME = "$(TARGET_NAME)";
				SWIFT_EMIT_LOC_STRINGS = YES;
				SWIFT_VERSION = 5.0;
				TARGETED_DEVICE_FAMILY = "1,2";
			};
			name = Release;
		};
		43DF023F2C6EE04F00F0F445 /* Debug */ = {
			isa = XCBuildConfiguration;
			buildSettings = {
				ALWAYS_EMBED_SWIFT_STANDARD_LIBRARIES = YES;
				BUNDLE_LOADER = "$(TEST_HOST)";
				CODE_SIGN_STYLE = Automatic;
				CURRENT_PROJECT_VERSION = 1;
				GENERATE_INFOPLIST_FILE = YES;
				IPHONEOS_DEPLOYMENT_TARGET = 17.2;
				MARKETING_VERSION = 1.0;
				PRODUCT_BUNDLE_IDENTIFIER = softspace.bookstoreTests;
				PRODUCT_NAME = "$(TARGET_NAME)";
				SWIFT_EMIT_LOC_STRINGS = NO;
				SWIFT_VERSION = 5.0;
				TARGETED_DEVICE_FAMILY = "1,2";
				TEST_HOST = "$(BUILT_PRODUCTS_DIR)/bookstore.app/$(BUNDLE_EXECUTABLE_FOLDER_PATH)/bookstore";
			};
			name = Debug;
		};
		43DF02402C6EE04F00F0F445 /* Release */ = {
			isa = XCBuildConfiguration;
			buildSettings = {
				ALWAYS_EMBED_SWIFT_STANDARD_LIBRARIES = YES;
				BUNDLE_LOADER = "$(TEST_HOST)";
				CODE_SIGN_STYLE = Automatic;
				CURRENT_PROJECT_VERSION = 1;
				GENERATE_INFOPLIST_FILE = YES;
				IPHONEOS_DEPLOYMENT_TARGET = 17.2;
				MARKETING_VERSION = 1.0;
				PRODUCT_BUNDLE_IDENTIFIER = softspace.bookstoreTests;
				PRODUCT_NAME = "$(TARGET_NAME)";
				SWIFT_EMIT_LOC_STRINGS = NO;
				SWIFT_VERSION = 5.0;
				TARGETED_DEVICE_FAMILY = "1,2";
				TEST_HOST = "$(BUILT_PRODUCTS_DIR)/bookstore.app/$(BUNDLE_EXECUTABLE_FOLDER_PATH)/bookstore";
			};
			name = Release;
		};
		43DF02422C6EE04F00F0F445 /* Debug */ = {
			isa = XCBuildConfiguration;
			buildSettings = {
				ALWAYS_EMBED_SWIFT_STANDARD_LIBRARIES = YES;
				CODE_SIGN_STYLE = Automatic;
				CURRENT_PROJECT_VERSION = 1;
				GENERATE_INFOPLIST_FILE = YES;
				MARKETING_VERSION = 1.0;
				PRODUCT_BUNDLE_IDENTIFIER = softspace.bookstoreUITests;
				PRODUCT_NAME = "$(TARGET_NAME)";
				SWIFT_EMIT_LOC_STRINGS = NO;
				SWIFT_VERSION = 5.0;
				TARGETED_DEVICE_FAMILY = "1,2";
				TEST_TARGET_NAME = bookstore;
			};
			name = Debug;
		};
		43DF02432C6EE04F00F0F445 /* Release */ = {
			isa = XCBuildConfiguration;
			buildSettings = {
				ALWAYS_EMBED_SWIFT_STANDARD_LIBRARIES = YES;
				CODE_SIGN_STYLE = Automatic;
				CURRENT_PROJECT_VERSION = 1;
				GENERATE_INFOPLIST_FILE = YES;
				MARKETING_VERSION = 1.0;
				PRODUCT_BUNDLE_IDENTIFIER = softspace.bookstoreUITests;
				PRODUCT_NAME = "$(TARGET_NAME)";
				SWIFT_EMIT_LOC_STRINGS = NO;
				SWIFT_VERSION = 5.0;
				TARGETED_DEVICE_FAMILY = "1,2";
				TEST_TARGET_NAME = bookstore;
			};
			name = Release;
		};
/* End XCBuildConfiguration section */

/* Begin XCConfigurationList section */
		43DF020C2C6EE04C00F0F445 /* Build configuration list for PBXProject "bookstore" */ = {
			isa = XCConfigurationList;
			buildConfigurations = (
				43DF02392C6EE04F00F0F445 /* Debug */,
				43DF023A2C6EE04F00F0F445 /* Release */,
			);
			defaultConfigurationIsVisible = 0;
			defaultConfigurationName = Release;
		};
		43DF023B2C6EE04F00F0F445 /* Build configuration list for PBXNativeTarget "bookstore" */ = {
			isa = XCConfigurationList;
			buildConfigurations = (
				43DF023C2C6EE04F00F0F445 /* Debug */,
				43DF023D2C6EE04F00F0F445 /* Release */,
			);
			defaultConfigurationIsVisible = 0;
			defaultConfigurationName = Release;
		};
		43DF023E2C6EE04F00F0F445 /* Build configuration list for PBXNativeTarget "bookstoreTests" */ = {
			isa = XCConfigurationList;
			buildConfigurations = (
				43DF023F2C6EE04F00F0F445 /* Debug */,
				43DF02402C6EE04F00F0F445 /* Release */,
			);
			defaultConfigurationIsVisible = 0;
			defaultConfigurationName = Release;
		};
		43DF02412C6EE04F00F0F445 /* Build configuration list for PBXNativeTarget "bookstoreUITests" */ = {
			isa = XCConfigurationList;
			buildConfigurations = (
				43DF02422C6EE04F00F0F445 /* Debug */,
				43DF02432C6EE04F00F0F445 /* Release */,
			);
			defaultConfigurationIsVisible = 0;
			defaultConfigurationName = Release;
		};
/* End XCConfigurationList section */
	};
	rootObject = 43DF02092C6EE04C00F0F445 /* Project object */;
}
